// !$*UTF8*$!
{
	archiveVersion = 1;
	classes = {
	};
	objectVersion = 50;
	objects = {

/* Begin PBXBuildFile section */
		A8081AD5233DC6D600A78E90 /* CalculatedTimeResultsViewController.swift in Sources */ = {isa = PBXBuildFile; fileRef = A8081AD4233DC6D600A78E90 /* CalculatedTimeResultsViewController.swift */; };
		A8081AD8233DC70D00A78E90 /* TimeCalculatorViewModel.swift in Sources */ = {isa = PBXBuildFile; fileRef = A8081AD7233DC70D00A78E90 /* TimeCalculatorViewModel.swift */; };
		A8081ADA233DC77D00A78E90 /* CalculatedTimeViewModel.swift in Sources */ = {isa = PBXBuildFile; fileRef = A8081AD9233DC77D00A78E90 /* CalculatedTimeViewModel.swift */; };
		A8081ADC233DC83000A78E90 /* Observable.swift in Sources */ = {isa = PBXBuildFile; fileRef = A8081ADB233DC83000A78E90 /* Observable.swift */; };
		A8081ADF233DC9C200A78E90 /* IKnowWhenGoToSleepViewModel.swift in Sources */ = {isa = PBXBuildFile; fileRef = A8081ADE233DC9C200A78E90 /* IKnowWhenGoToSleepViewModel.swift */; };
		A86BB0AA2326855C00495502 /* CalculatedTimeCell.swift in Sources */ = {isa = PBXBuildFile; fileRef = A86BB0A82326855C00495502 /* CalculatedTimeCell.swift */; };
		A86BB0AB2326855C00495502 /* CalculatedTimeCell.xib in Resources */ = {isa = PBXBuildFile; fileRef = A86BB0A92326855C00495502 /* CalculatedTimeCell.xib */; };
		A87B360A2327A72700B207DC /* CalculatedTimeViewModelTests.swift in Sources */ = {isa = PBXBuildFile; fileRef = A87B36092327A72700B207DC /* CalculatedTimeViewModelTests.swift */; };
		A8A189982322A39600A2E8E3 /* Date + Ext.swift in Sources */ = {isa = PBXBuildFile; fileRef = A8A189972322A39600A2E8E3 /* Date + Ext.swift */; };
		A8CB23972321496000148CA2 /* AppDelegate.swift in Sources */ = {isa = PBXBuildFile; fileRef = A8CB23962321496000148CA2 /* AppDelegate.swift */; };
		A8CB23992321496000148CA2 /* ViewController.swift in Sources */ = {isa = PBXBuildFile; fileRef = A8CB23982321496000148CA2 /* ViewController.swift */; };
		A8CB239C2321496000148CA2 /* Main.storyboard in Resources */ = {isa = PBXBuildFile; fileRef = A8CB239A2321496000148CA2 /* Main.storyboard */; };
		A8CB239E2321496100148CA2 /* Assets.xcassets in Resources */ = {isa = PBXBuildFile; fileRef = A8CB239D2321496100148CA2 /* Assets.xcassets */; };
		A8CB23A12321496100148CA2 /* LaunchScreen.storyboard in Resources */ = {isa = PBXBuildFile; fileRef = A8CB239F2321496100148CA2 /* LaunchScreen.storyboard */; };
		A8CB23A92321502700148CA2 /* SleepTimeCalculator.swift in Sources */ = {isa = PBXBuildFile; fileRef = A8CB23A82321502700148CA2 /* SleepTimeCalculator.swift */; };
		A8CB23B12321525100148CA2 /* SleepTimeCalculatorTests.swift in Sources */ = {isa = PBXBuildFile; fileRef = A8CB23B02321525100148CA2 /* SleepTimeCalculatorTests.swift */; };
		A8D0DA2E23422148000F0A73 /* TimeCalculatorViewModelTests.swift in Sources */ = {isa = PBXBuildFile; fileRef = A8D0DA2D23422148000F0A73 /* TimeCalculatorViewModelTests.swift */; };
		A8D46EAE2346095800D0CAFF /* IKnowWakeUpTimeViewModel.swift in Sources */ = {isa = PBXBuildFile; fileRef = A8D46EAD2346095800D0CAFF /* IKnowWakeUpTimeViewModel.swift */; };
		A8D46EB023461BEA00D0CAFF /* DateRoundTests.swift in Sources */ = {isa = PBXBuildFile; fileRef = A8D46EAF23461BEA00D0CAFF /* DateRoundTests.swift */; };
		A8DB374623439F310053D8DF /* ResultsTableHeaderView.swift in Sources */ = {isa = PBXBuildFile; fileRef = A8DB374523439F310053D8DF /* ResultsTableHeaderView.swift */; };
/* End PBXBuildFile section */

/* Begin PBXContainerItemProxy section */
		A87B360C2327A72700B207DC /* PBXContainerItemProxy */ = {
			isa = PBXContainerItemProxy;
			containerPortal = A8CB238B2321495F00148CA2 /* Project object */;
			proxyType = 1;
			remoteGlobalIDString = A8CB23922321495F00148CA2;
			remoteInfo = TimeToWakeUp;
		};
		A8CB23B32321525100148CA2 /* PBXContainerItemProxy */ = {
			isa = PBXContainerItemProxy;
			containerPortal = A8CB238B2321495F00148CA2 /* Project object */;
			proxyType = 1;
			remoteGlobalIDString = A8CB23922321495F00148CA2;
			remoteInfo = TimeToWakeUp;
		};
/* End PBXContainerItemProxy section */

/* Begin PBXFileReference section */
		A8081AD4233DC6D600A78E90 /* CalculatedTimeResultsViewController.swift */ = {isa = PBXFileReference; lastKnownFileType = sourcecode.swift; path = CalculatedTimeResultsViewController.swift; sourceTree = "<group>"; };
		A8081AD7233DC70D00A78E90 /* TimeCalculatorViewModel.swift */ = {isa = PBXFileReference; lastKnownFileType = sourcecode.swift; path = TimeCalculatorViewModel.swift; sourceTree = "<group>"; };
		A8081AD9233DC77D00A78E90 /* CalculatedTimeViewModel.swift */ = {isa = PBXFileReference; lastKnownFileType = sourcecode.swift; path = CalculatedTimeViewModel.swift; sourceTree = "<group>"; };
		A8081ADB233DC83000A78E90 /* Observable.swift */ = {isa = PBXFileReference; lastKnownFileType = sourcecode.swift; path = Observable.swift; sourceTree = "<group>"; };
		A8081ADE233DC9C200A78E90 /* IKnowWhenGoToSleepViewModel.swift */ = {isa = PBXFileReference; lastKnownFileType = sourcecode.swift; path = IKnowWhenGoToSleepViewModel.swift; sourceTree = "<group>"; };
		A86BB0A82326855C00495502 /* CalculatedTimeCell.swift */ = {isa = PBXFileReference; lastKnownFileType = sourcecode.swift; path = CalculatedTimeCell.swift; sourceTree = "<group>"; };
		A86BB0A92326855C00495502 /* CalculatedTimeCell.xib */ = {isa = PBXFileReference; lastKnownFileType = file.xib; path = CalculatedTimeCell.xib; sourceTree = "<group>"; };
		A87B36072327A72700B207DC /* CalculatedTimeViewModelTests.xctest */ = {isa = PBXFileReference; explicitFileType = wrapper.cfbundle; includeInIndex = 0; path = CalculatedTimeViewModelTests.xctest; sourceTree = BUILT_PRODUCTS_DIR; };
		A87B36092327A72700B207DC /* CalculatedTimeViewModelTests.swift */ = {isa = PBXFileReference; lastKnownFileType = sourcecode.swift; path = CalculatedTimeViewModelTests.swift; sourceTree = "<group>"; };
		A87B360B2327A72700B207DC /* Info.plist */ = {isa = PBXFileReference; lastKnownFileType = text.plist.xml; path = Info.plist; sourceTree = "<group>"; };
		A8A189972322A39600A2E8E3 /* Date + Ext.swift */ = {isa = PBXFileReference; lastKnownFileType = sourcecode.swift; path = "Date + Ext.swift"; sourceTree = "<group>"; };
		A8CB23932321496000148CA2 /* TimeToWakeUp.app */ = {isa = PBXFileReference; explicitFileType = wrapper.application; includeInIndex = 0; path = TimeToWakeUp.app; sourceTree = BUILT_PRODUCTS_DIR; };
		A8CB23962321496000148CA2 /* AppDelegate.swift */ = {isa = PBXFileReference; lastKnownFileType = sourcecode.swift; path = AppDelegate.swift; sourceTree = "<group>"; };
		A8CB23982321496000148CA2 /* ViewController.swift */ = {isa = PBXFileReference; lastKnownFileType = sourcecode.swift; path = ViewController.swift; sourceTree = "<group>"; };
		A8CB239B2321496000148CA2 /* Base */ = {isa = PBXFileReference; lastKnownFileType = file.storyboard; name = Base; path = Base.lproj/Main.storyboard; sourceTree = "<group>"; };
		A8CB239D2321496100148CA2 /* Assets.xcassets */ = {isa = PBXFileReference; lastKnownFileType = folder.assetcatalog; path = Assets.xcassets; sourceTree = "<group>"; };
		A8CB23A02321496100148CA2 /* Base */ = {isa = PBXFileReference; lastKnownFileType = file.storyboard; name = Base; path = Base.lproj/LaunchScreen.storyboard; sourceTree = "<group>"; };
		A8CB23A22321496100148CA2 /* Info.plist */ = {isa = PBXFileReference; lastKnownFileType = text.plist.xml; path = Info.plist; sourceTree = "<group>"; };
		A8CB23A82321502700148CA2 /* SleepTimeCalculator.swift */ = {isa = PBXFileReference; lastKnownFileType = sourcecode.swift; path = SleepTimeCalculator.swift; sourceTree = "<group>"; };
		A8CB23AE2321525100148CA2 /* SleepTimeCalculatorTests.xctest */ = {isa = PBXFileReference; explicitFileType = wrapper.cfbundle; includeInIndex = 0; path = SleepTimeCalculatorTests.xctest; sourceTree = BUILT_PRODUCTS_DIR; };
		A8CB23B02321525100148CA2 /* SleepTimeCalculatorTests.swift */ = {isa = PBXFileReference; lastKnownFileType = sourcecode.swift; path = SleepTimeCalculatorTests.swift; sourceTree = "<group>"; };
		A8CB23B22321525100148CA2 /* Info.plist */ = {isa = PBXFileReference; lastKnownFileType = text.plist.xml; path = Info.plist; sourceTree = "<group>"; };
		A8D0DA2D23422148000F0A73 /* TimeCalculatorViewModelTests.swift */ = {isa = PBXFileReference; lastKnownFileType = sourcecode.swift; path = TimeCalculatorViewModelTests.swift; sourceTree = "<group>"; };
		A8D46EAD2346095800D0CAFF /* IKnowWakeUpTimeViewModel.swift */ = {isa = PBXFileReference; lastKnownFileType = sourcecode.swift; path = IKnowWakeUpTimeViewModel.swift; sourceTree = "<group>"; };
		A8D46EAF23461BEA00D0CAFF /* DateRoundTests.swift */ = {isa = PBXFileReference; lastKnownFileType = sourcecode.swift; path = DateRoundTests.swift; sourceTree = "<group>"; };
		A8DB374523439F310053D8DF /* ResultsTableHeaderView.swift */ = {isa = PBXFileReference; lastKnownFileType = sourcecode.swift; path = ResultsTableHeaderView.swift; sourceTree = "<group>"; };
/* End PBXFileReference section */

/* Begin PBXFrameworksBuildPhase section */
		A87B36042327A72700B207DC /* Frameworks */ = {
			isa = PBXFrameworksBuildPhase;
			buildActionMask = 2147483647;
			files = (
			);
			runOnlyForDeploymentPostprocessing = 0;
		};
		A8CB23902321495F00148CA2 /* Frameworks */ = {
			isa = PBXFrameworksBuildPhase;
			buildActionMask = 2147483647;
			files = (
			);
			runOnlyForDeploymentPostprocessing = 0;
		};
		A8CB23AB2321525100148CA2 /* Frameworks */ = {
			isa = PBXFrameworksBuildPhase;
			buildActionMask = 2147483647;
			files = (
			);
			runOnlyForDeploymentPostprocessing = 0;
		};
/* End PBXFrameworksBuildPhase section */

/* Begin PBXGroup section */
		A8081AD6233DC6EB00A78E90 /* Protocol */ = {
			isa = PBXGroup;
			children = (
				A8081AD7233DC70D00A78E90 /* TimeCalculatorViewModel.swift */,
			);
			path = Protocol;
			sourceTree = "<group>";
		};
		A87B35FA23279D2900B207DC /* Controller */ = {
			isa = PBXGroup;
			children = (
				A8CB23982321496000148CA2 /* ViewController.swift */,
				A8CB23962321496000148CA2 /* AppDelegate.swift */,
				A8081AD4233DC6D600A78E90 /* CalculatedTimeResultsViewController.swift */,
			);
			path = Controller;
			sourceTree = "<group>";
		};
		A87B35FB23279D3300B207DC /* View */ = {
			isa = PBXGroup;
			children = (
				A8CB239A2321496000148CA2 /* Main.storyboard */,
				A8CB239F2321496100148CA2 /* LaunchScreen.storyboard */,
				A86BB0A92326855C00495502 /* CalculatedTimeCell.xib */,
				A86BB0A82326855C00495502 /* CalculatedTimeCell.swift */,
				A8DB374523439F310053D8DF /* ResultsTableHeaderView.swift */,
			);
			path = View;
			sourceTree = "<group>";
		};
		A87B35FC23279D3C00B207DC /* ViewModel */ = {
			isa = PBXGroup;
			children = (
				A8081AD6233DC6EB00A78E90 /* Protocol */,
				A8081AD9233DC77D00A78E90 /* CalculatedTimeViewModel.swift */,
				A8081ADE233DC9C200A78E90 /* IKnowWhenGoToSleepViewModel.swift */,
				A8CB23A82321502700148CA2 /* SleepTimeCalculator.swift */,
				A8D46EAD2346095800D0CAFF /* IKnowWakeUpTimeViewModel.swift */,
			);
			path = ViewModel;
			sourceTree = "<group>";
		};
		A87B35FD23279D5D00B207DC /* Extension */ = {
			isa = PBXGroup;
			children = (
				A8A189972322A39600A2E8E3 /* Date + Ext.swift */,
			);
			path = Extension;
			sourceTree = "<group>";
		};
		A87B35FE23279D6A00B207DC /* Resources */ = {
			isa = PBXGroup;
			children = (
				A8CB239D2321496100148CA2 /* Assets.xcassets */,
				A8CB23A22321496100148CA2 /* Info.plist */,
			);
			path = Resources;
			sourceTree = "<group>";
		};
		A87B36082327A72700B207DC /* CalculatedTimeViewModelTests */ = {
			isa = PBXGroup;
			children = (
				A8D46EAF23461BEA00D0CAFF /* DateRoundTests.swift */,
				A8D0DA2D23422148000F0A73 /* TimeCalculatorViewModelTests.swift */,
				A87B36092327A72700B207DC /* CalculatedTimeViewModelTests.swift */,
				A87B360B2327A72700B207DC /* Info.plist */,
			);
			path = CalculatedTimeViewModelTests;
			sourceTree = "<group>";
		};
		A8CB238A2321495F00148CA2 = {
			isa = PBXGroup;
			children = (
				A8CB23952321496000148CA2 /* TimeToWakeUp */,
				A8CB23AF2321525100148CA2 /* SleepTimeCalculatorTests */,
				A87B36082327A72700B207DC /* CalculatedTimeViewModelTests */,
				A8CB23942321496000148CA2 /* Products */,
			);
			sourceTree = "<group>";
		};
		A8CB23942321496000148CA2 /* Products */ = {
			isa = PBXGroup;
			children = (
				A8CB23932321496000148CA2 /* TimeToWakeUp.app */,
				A8CB23AE2321525100148CA2 /* SleepTimeCalculatorTests.xctest */,
				A87B36072327A72700B207DC /* CalculatedTimeViewModelTests.xctest */,
			);
			name = Products;
			sourceTree = "<group>";
		};
		A8CB23952321496000148CA2 /* TimeToWakeUp */ = {
			isa = PBXGroup;
			children = (
				A87B35FD23279D5D00B207DC /* Extension */,
				A87B35FC23279D3C00B207DC /* ViewModel */,
				A87B35FB23279D3300B207DC /* View */,
				A87B35FA23279D2900B207DC /* Controller */,
				A87B35FE23279D6A00B207DC /* Resources */,
				A8081ADB233DC83000A78E90 /* Observable.swift */,
			);
			path = TimeToWakeUp;
			sourceTree = "<group>";
		};
		A8CB23AF2321525100148CA2 /* SleepTimeCalculatorTests */ = {
			isa = PBXGroup;
			children = (
				A8CB23B02321525100148CA2 /* SleepTimeCalculatorTests.swift */,
				A8CB23B22321525100148CA2 /* Info.plist */,
			);
			path = SleepTimeCalculatorTests;
			sourceTree = "<group>";
		};
/* End PBXGroup section */

/* Begin PBXNativeTarget section */
		A87B36062327A72700B207DC /* CalculatedTimeViewModelTests */ = {
			isa = PBXNativeTarget;
			buildConfigurationList = A87B360E2327A72700B207DC /* Build configuration list for PBXNativeTarget "CalculatedTimeViewModelTests" */;
			buildPhases = (
				A87B36032327A72700B207DC /* Sources */,
				A87B36042327A72700B207DC /* Frameworks */,
				A87B36052327A72700B207DC /* Resources */,
			);
			buildRules = (
			);
			dependencies = (
				A87B360D2327A72700B207DC /* PBXTargetDependency */,
			);
			name = CalculatedTimeViewModelTests;
			productName = CalculatedTimeViewModelTests;
			productReference = A87B36072327A72700B207DC /* CalculatedTimeViewModelTests.xctest */;
			productType = "com.apple.product-type.bundle.unit-test";
		};
		A8CB23922321495F00148CA2 /* TimeToWakeUp */ = {
			isa = PBXNativeTarget;
			buildConfigurationList = A8CB23A52321496100148CA2 /* Build configuration list for PBXNativeTarget "TimeToWakeUp" */;
			buildPhases = (
				A8CB238F2321495F00148CA2 /* Sources */,
				A8CB23902321495F00148CA2 /* Frameworks */,
				A8CB23912321495F00148CA2 /* Resources */,
			);
			buildRules = (
			);
			dependencies = (
			);
			name = TimeToWakeUp;
			productName = TimeToWakeUp;
			productReference = A8CB23932321496000148CA2 /* TimeToWakeUp.app */;
			productType = "com.apple.product-type.application";
		};
		A8CB23AD2321525100148CA2 /* SleepTimeCalculatorTests */ = {
			isa = PBXNativeTarget;
			buildConfigurationList = A8CB23B52321525100148CA2 /* Build configuration list for PBXNativeTarget "SleepTimeCalculatorTests" */;
			buildPhases = (
				A8CB23AA2321525100148CA2 /* Sources */,
				A8CB23AB2321525100148CA2 /* Frameworks */,
				A8CB23AC2321525100148CA2 /* Resources */,
			);
			buildRules = (
			);
			dependencies = (
				A8CB23B42321525100148CA2 /* PBXTargetDependency */,
			);
			name = SleepTimeCalculatorTests;
			productName = SleepTimeCalculatorTests;
			productReference = A8CB23AE2321525100148CA2 /* SleepTimeCalculatorTests.xctest */;
			productType = "com.apple.product-type.bundle.unit-test";
		};
/* End PBXNativeTarget section */

/* Begin PBXProject section */
		A8CB238B2321495F00148CA2 /* Project object */ = {
			isa = PBXProject;
			attributes = {
				LastSwiftUpdateCheck = 1020;
				LastUpgradeCheck = 1020;
				ORGANIZATIONNAME = Alexandr;
				TargetAttributes = {
					A87B36062327A72700B207DC = {
						CreatedOnToolsVersion = 10.2;
						TestTargetID = A8CB23922321495F00148CA2;
					};
					A8CB23922321495F00148CA2 = {
						CreatedOnToolsVersion = 10.2;
					};
					A8CB23AD2321525100148CA2 = {
						CreatedOnToolsVersion = 10.2;
						TestTargetID = A8CB23922321495F00148CA2;
					};
				};
			};
			buildConfigurationList = A8CB238E2321495F00148CA2 /* Build configuration list for PBXProject "TimeToWakeUp" */;
			compatibilityVersion = "Xcode 9.3";
			developmentRegion = en;
			hasScannedForEncodings = 0;
			knownRegions = (
				en,
				Base,
			);
			mainGroup = A8CB238A2321495F00148CA2;
			productRefGroup = A8CB23942321496000148CA2 /* Products */;
			projectDirPath = "";
			projectRoot = "";
			targets = (
				A8CB23922321495F00148CA2 /* TimeToWakeUp */,
				A8CB23AD2321525100148CA2 /* SleepTimeCalculatorTests */,
				A87B36062327A72700B207DC /* CalculatedTimeViewModelTests */,
			);
		};
/* End PBXProject section */

/* Begin PBXResourcesBuildPhase section */
		A87B36052327A72700B207DC /* Resources */ = {
			isa = PBXResourcesBuildPhase;
			buildActionMask = 2147483647;
			files = (
			);
			runOnlyForDeploymentPostprocessing = 0;
		};
		A8CB23912321495F00148CA2 /* Resources */ = {
			isa = PBXResourcesBuildPhase;
			buildActionMask = 2147483647;
			files = (
				A8CB23A12321496100148CA2 /* LaunchScreen.storyboard in Resources */,
				A86BB0AB2326855C00495502 /* CalculatedTimeCell.xib in Resources */,
				A8CB239E2321496100148CA2 /* Assets.xcassets in Resources */,
				A8CB239C2321496000148CA2 /* Main.storyboard in Resources */,
			);
			runOnlyForDeploymentPostprocessing = 0;
		};
		A8CB23AC2321525100148CA2 /* Resources */ = {
			isa = PBXResourcesBuildPhase;
			buildActionMask = 2147483647;
			files = (
			);
			runOnlyForDeploymentPostprocessing = 0;
		};
/* End PBXResourcesBuildPhase section */

/* Begin PBXSourcesBuildPhase section */
		A87B36032327A72700B207DC /* Sources */ = {
			isa = PBXSourcesBuildPhase;
			buildActionMask = 2147483647;
			files = (
				A8D46EB023461BEA00D0CAFF /* DateRoundTests.swift in Sources */,
				A87B360A2327A72700B207DC /* CalculatedTimeViewModelTests.swift in Sources */,
				A8D0DA2E23422148000F0A73 /* TimeCalculatorViewModelTests.swift in Sources */,
			);
			runOnlyForDeploymentPostprocessing = 0;
		};
		A8CB238F2321495F00148CA2 /* Sources */ = {
			isa = PBXSourcesBuildPhase;
			buildActionMask = 2147483647;
			files = (
				A8081ADC233DC83000A78E90 /* Observable.swift in Sources */,
				A8D46EAE2346095800D0CAFF /* IKnowWakeUpTimeViewModel.swift in Sources */,
				A8DB374623439F310053D8DF /* ResultsTableHeaderView.swift in Sources */,
				A8081ADA233DC77D00A78E90 /* CalculatedTimeViewModel.swift in Sources */,
				A86BB0AA2326855C00495502 /* CalculatedTimeCell.swift in Sources */,
				A8081AD8233DC70D00A78E90 /* TimeCalculatorViewModel.swift in Sources */,
				A8CB23992321496000148CA2 /* ViewController.swift in Sources */,
				A8A189982322A39600A2E8E3 /* Date + Ext.swift in Sources */,
				A8081ADF233DC9C200A78E90 /* IKnowWhenGoToSleepViewModel.swift in Sources */,
				A8CB23972321496000148CA2 /* AppDelegate.swift in Sources */,
				A8081AD5233DC6D600A78E90 /* CalculatedTimeResultsViewController.swift in Sources */,
				A8CB23A92321502700148CA2 /* SleepTimeCalculator.swift in Sources */,
			);
			runOnlyForDeploymentPostprocessing = 0;
		};
		A8CB23AA2321525100148CA2 /* Sources */ = {
			isa = PBXSourcesBuildPhase;
			buildActionMask = 2147483647;
			files = (
				A8CB23B12321525100148CA2 /* SleepTimeCalculatorTests.swift in Sources */,
			);
			runOnlyForDeploymentPostprocessing = 0;
		};
/* End PBXSourcesBuildPhase section */

/* Begin PBXTargetDependency section */
		A87B360D2327A72700B207DC /* PBXTargetDependency */ = {
			isa = PBXTargetDependency;
			target = A8CB23922321495F00148CA2 /* TimeToWakeUp */;
			targetProxy = A87B360C2327A72700B207DC /* PBXContainerItemProxy */;
		};
		A8CB23B42321525100148CA2 /* PBXTargetDependency */ = {
			isa = PBXTargetDependency;
			target = A8CB23922321495F00148CA2 /* TimeToWakeUp */;
			targetProxy = A8CB23B32321525100148CA2 /* PBXContainerItemProxy */;
		};
/* End PBXTargetDependency section */

/* Begin PBXVariantGroup section */
		A8CB239A2321496000148CA2 /* Main.storyboard */ = {
			isa = PBXVariantGroup;
			children = (
				A8CB239B2321496000148CA2 /* Base */,
			);
			name = Main.storyboard;
			sourceTree = "<group>";
		};
		A8CB239F2321496100148CA2 /* LaunchScreen.storyboard */ = {
			isa = PBXVariantGroup;
			children = (
				A8CB23A02321496100148CA2 /* Base */,
			);
			name = LaunchScreen.storyboard;
			sourceTree = "<group>";
		};
/* End PBXVariantGroup section */

/* Begin XCBuildConfiguration section */
		A87B360F2327A72700B207DC /* Debug */ = {
			isa = XCBuildConfiguration;
			buildSettings = {
				BUNDLE_LOADER = "$(TEST_HOST)";
				CODE_SIGN_STYLE = Automatic;
				DEVELOPMENT_TEAM = YG4U6S73S9;
				INFOPLIST_FILE = CalculatedTimeViewModelTests/Info.plist;
				LD_RUNPATH_SEARCH_PATHS = (
					"$(inherited)",
					"@executable_path/Frameworks",
					"@loader_path/Frameworks",
				);
				PRODUCT_BUNDLE_IDENTIFIER = sanya.CalculatedTimeViewModelTests;
				PRODUCT_NAME = "$(TARGET_NAME)";
				SWIFT_VERSION = 5.0;
				TARGETED_DEVICE_FAMILY = "1,2";
				TEST_HOST = "$(BUILT_PRODUCTS_DIR)/TimeToWakeUp.app/TimeToWakeUp";
			};
			name = Debug;
		};
		A87B36102327A72700B207DC /* Release */ = {
			isa = XCBuildConfiguration;
			buildSettings = {
				BUNDLE_LOADER = "$(TEST_HOST)";
				CODE_SIGN_STYLE = Automatic;
				DEVELOPMENT_TEAM = YG4U6S73S9;
				INFOPLIST_FILE = CalculatedTimeViewModelTests/Info.plist;
				LD_RUNPATH_SEARCH_PATHS = (
					"$(inherited)",
					"@executable_path/Frameworks",
					"@loader_path/Frameworks",
				);
				PRODUCT_BUNDLE_IDENTIFIER = sanya.CalculatedTimeViewModelTests;
				PRODUCT_NAME = "$(TARGET_NAME)";
				SWIFT_VERSION = 5.0;
				TARGETED_DEVICE_FAMILY = "1,2";
				TEST_HOST = "$(BUILT_PRODUCTS_DIR)/TimeToWakeUp.app/TimeToWakeUp";
			};
			name = Release;
		};
		A8CB23A32321496100148CA2 /* Debug */ = {
			isa = XCBuildConfiguration;
			buildSettings = {
				ALWAYS_SEARCH_USER_PATHS = NO;
				CLANG_ANALYZER_NONNULL = YES;
				CLANG_ANALYZER_NUMBER_OBJECT_CONVERSION = YES_AGGRESSIVE;
				CLANG_CXX_LANGUAGE_STANDARD = "gnu++14";
				CLANG_CXX_LIBRARY = "libc++";
				CLANG_ENABLE_MODULES = YES;
				CLANG_ENABLE_OBJC_ARC = YES;
				CLANG_ENABLE_OBJC_WEAK = YES;
				CLANG_WARN_BLOCK_CAPTURE_AUTORELEASING = YES;
				CLANG_WARN_BOOL_CONVERSION = YES;
				CLANG_WARN_COMMA = YES;
				CLANG_WARN_CONSTANT_CONVERSION = YES;
				CLANG_WARN_DEPRECATED_OBJC_IMPLEMENTATIONS = YES;
				CLANG_WARN_DIRECT_OBJC_ISA_USAGE = YES_ERROR;
				CLANG_WARN_DOCUMENTATION_COMMENTS = YES;
				CLANG_WARN_EMPTY_BODY = YES;
				CLANG_WARN_ENUM_CONVERSION = YES;
				CLANG_WARN_INFINITE_RECURSION = YES;
				CLANG_WARN_INT_CONVERSION = YES;
				CLANG_WARN_NON_LITERAL_NULL_CONVERSION = YES;
				CLANG_WARN_OBJC_IMPLICIT_RETAIN_SELF = YES;
				CLANG_WARN_OBJC_LITERAL_CONVERSION = YES;
				CLANG_WARN_OBJC_ROOT_CLASS = YES_ERROR;
				CLANG_WARN_RANGE_LOOP_ANALYSIS = YES;
				CLANG_WARN_STRICT_PROTOTYPES = YES;
				CLANG_WARN_SUSPICIOUS_MOVE = YES;
				CLANG_WARN_UNGUARDED_AVAILABILITY = YES_AGGRESSIVE;
				CLANG_WARN_UNREACHABLE_CODE = YES;
				CLANG_WARN__DUPLICATE_METHOD_MATCH = YES;
				CODE_SIGN_IDENTITY = "iPhone Developer";
				COPY_PHASE_STRIP = NO;
				DEBUG_INFORMATION_FORMAT = dwarf;
				ENABLE_STRICT_OBJC_MSGSEND = YES;
				ENABLE_TESTABILITY = YES;
				GCC_C_LANGUAGE_STANDARD = gnu11;
				GCC_DYNAMIC_NO_PIC = NO;
				GCC_NO_COMMON_BLOCKS = YES;
				GCC_OPTIMIZATION_LEVEL = 0;
				GCC_PREPROCESSOR_DEFINITIONS = (
					"DEBUG=1",
					"$(inherited)",
				);
				GCC_WARN_64_TO_32_BIT_CONVERSION = YES;
				GCC_WARN_ABOUT_RETURN_TYPE = YES_ERROR;
				GCC_WARN_UNDECLARED_SELECTOR = YES;
				GCC_WARN_UNINITIALIZED_AUTOS = YES_AGGRESSIVE;
				GCC_WARN_UNUSED_FUNCTION = YES;
				GCC_WARN_UNUSED_VARIABLE = YES;
				IPHONEOS_DEPLOYMENT_TARGET = 12.2;
				MTL_ENABLE_DEBUG_INFO = INCLUDE_SOURCE;
				MTL_FAST_MATH = YES;
				ONLY_ACTIVE_ARCH = YES;
				SDKROOT = iphoneos;
				SWIFT_ACTIVE_COMPILATION_CONDITIONS = DEBUG;
				SWIFT_OPTIMIZATION_LEVEL = "-Onone";
			};
			name = Debug;
		};
		A8CB23A42321496100148CA2 /* Release */ = {
			isa = XCBuildConfiguration;
			buildSettings = {
				ALWAYS_SEARCH_USER_PATHS = NO;
				CLANG_ANALYZER_NONNULL = YES;
				CLANG_ANALYZER_NUMBER_OBJECT_CONVERSION = YES_AGGRESSIVE;
				CLANG_CXX_LANGUAGE_STANDARD = "gnu++14";
				CLANG_CXX_LIBRARY = "libc++";
				CLANG_ENABLE_MODULES = YES;
				CLANG_ENABLE_OBJC_ARC = YES;
				CLANG_ENABLE_OBJC_WEAK = YES;
				CLANG_WARN_BLOCK_CAPTURE_AUTORELEASING = YES;
				CLANG_WARN_BOOL_CONVERSION = YES;
				CLANG_WARN_COMMA = YES;
				CLANG_WARN_CONSTANT_CONVERSION = YES;
				CLANG_WARN_DEPRECATED_OBJC_IMPLEMENTATIONS = YES;
				CLANG_WARN_DIRECT_OBJC_ISA_USAGE = YES_ERROR;
				CLANG_WARN_DOCUMENTATION_COMMENTS = YES;
				CLANG_WARN_EMPTY_BODY = YES;
				CLANG_WARN_ENUM_CONVERSION = YES;
				CLANG_WARN_INFINITE_RECURSION = YES;
				CLANG_WARN_INT_CONVERSION = YES;
				CLANG_WARN_NON_LITERAL_NULL_CONVERSION = YES;
				CLANG_WARN_OBJC_IMPLICIT_RETAIN_SELF = YES;
				CLANG_WARN_OBJC_LITERAL_CONVERSION = YES;
				CLANG_WARN_OBJC_ROOT_CLASS = YES_ERROR;
				CLANG_WARN_RANGE_LOOP_ANALYSIS = YES;
				CLANG_WARN_STRICT_PROTOTYPES = YES;
				CLANG_WARN_SUSPICIOUS_MOVE = YES;
				CLANG_WARN_UNGUARDED_AVAILABILITY = YES_AGGRESSIVE;
				CLANG_WARN_UNREACHABLE_CODE = YES;
				CLANG_WARN__DUPLICATE_METHOD_MATCH = YES;
				CODE_SIGN_IDENTITY = "iPhone Developer";
				COPY_PHASE_STRIP = NO;
				DEBUG_INFORMATION_FORMAT = "dwarf-with-dsym";
				ENABLE_NS_ASSERTIONS = NO;
				ENABLE_STRICT_OBJC_MSGSEND = YES;
				GCC_C_LANGUAGE_STANDARD = gnu11;
				GCC_NO_COMMON_BLOCKS = YES;
				GCC_WARN_64_TO_32_BIT_CONVERSION = YES;
				GCC_WARN_ABOUT_RETURN_TYPE = YES_ERROR;
				GCC_WARN_UNDECLARED_SELECTOR = YES;
				GCC_WARN_UNINITIALIZED_AUTOS = YES_AGGRESSIVE;
				GCC_WARN_UNUSED_FUNCTION = YES;
				GCC_WARN_UNUSED_VARIABLE = YES;
				IPHONEOS_DEPLOYMENT_TARGET = 12.2;
				MTL_ENABLE_DEBUG_INFO = NO;
				MTL_FAST_MATH = YES;
				SDKROOT = iphoneos;
				SWIFT_COMPILATION_MODE = wholemodule;
				SWIFT_OPTIMIZATION_LEVEL = "-O";
				VALIDATE_PRODUCT = YES;
			};
			name = Release;
		};
		A8CB23A62321496100148CA2 /* Debug */ = {
			isa = XCBuildConfiguration;
			buildSettings = {
				ASSETCATALOG_COMPILER_APPICON_NAME = AppIcon;
				CODE_SIGN_STYLE = Automatic;
				DEVELOPMENT_TEAM = YG4U6S73S9;
				INFOPLIST_FILE = "$(SRCROOT)/TimeToWakeUp/Resources/Info.plist";
				LD_RUNPATH_SEARCH_PATHS = (
					"$(inherited)",
					"@executable_path/Frameworks",
				);
				PRODUCT_BUNDLE_IDENTIFIER = sanya.TimeToWakeUp;
				PRODUCT_NAME = "$(TARGET_NAME)";
				SWIFT_VERSION = 5.0;
				TARGETED_DEVICE_FAMILY = "1,2";
			};
			name = Debug;
		};
		A8CB23A72321496100148CA2 /* Release */ = {
			isa = XCBuildConfiguration;
			buildSettings = {
				ASSETCATALOG_COMPILER_APPICON_NAME = AppIcon;
				CODE_SIGN_STYLE = Automatic;
				DEVELOPMENT_TEAM = YG4U6S73S9;
				INFOPLIST_FILE = "$(SRCROOT)/TimeToWakeUp/Resources/Info.plist";
				LD_RUNPATH_SEARCH_PATHS = (
					"$(inherited)",
					"@executable_path/Frameworks",
				);
				PRODUCT_BUNDLE_IDENTIFIER = sanya.TimeToWakeUp;
				PRODUCT_NAME = "$(TARGET_NAME)";
				SWIFT_VERSION = 5.0;
				TARGETED_DEVICE_FAMILY = "1,2";
			};
			name = Release;
		};
		A8CB23B62321525100148CA2 /* Debug */ = {
			isa = XCBuildConfiguration;
			buildSettings = {
				BUNDLE_LOADER = "$(TEST_HOST)";
				CODE_SIGN_STYLE = Automatic;
				DEVELOPMENT_TEAM = YG4U6S73S9;
				INFOPLIST_FILE = SleepTimeCalculatorTests/Info.plist;
				LD_RUNPATH_SEARCH_PATHS = (
					"$(inherited)",
					"@executable_path/Frameworks",
					"@loader_path/Frameworks",
				);
				PRODUCT_BUNDLE_IDENTIFIER = sanya.SleepTimeCalculatorTests;
				PRODUCT_NAME = "$(TARGET_NAME)";
				SWIFT_VERSION = 5.0;
				TARGETED_DEVICE_FAMILY = "1,2";
				TEST_HOST = "$(BUILT_PRODUCTS_DIR)/TimeToWakeUp.app/TimeToWakeUp";
			};
			name = Debug;
		};
		A8CB23B72321525100148CA2 /* Release */ = {
			isa = XCBuildConfiguration;
			buildSettings = {
				BUNDLE_LOADER = "$(TEST_HOST)";
				CODE_SIGN_STYLE = Automatic;
				DEVELOPMENT_TEAM = YG4U6S73S9;
				INFOPLIST_FILE = SleepTimeCalculatorTests/Info.plist;
				LD_RUNPATH_SEARCH_PATHS = (
					"$(inherited)",
					"@executable_path/Frameworks",
					"@loader_path/Frameworks",
				);
				PRODUCT_BUNDLE_IDENTIFIER = sanya.SleepTimeCalculatorTests;
				PRODUCT_NAME = "$(TARGET_NAME)";
				SWIFT_VERSION = 5.0;
				TARGETED_DEVICE_FAMILY = "1,2";
				TEST_HOST = "$(BUILT_PRODUCTS_DIR)/TimeToWakeUp.app/TimeToWakeUp";
			};
			name = Release;
		};
/* End XCBuildConfiguration section */

/* Begin XCConfigurationList section */
		A87B360E2327A72700B207DC /* Build configuration list for PBXNativeTarget "CalculatedTimeViewModelTests" */ = {
			isa = XCConfigurationList;
			buildConfigurations = (
				A87B360F2327A72700B207DC /* Debug */,
				A87B36102327A72700B207DC /* Release */,
			);
			defaultConfigurationIsVisible = 0;
			defaultConfigurationName = Release;
		};
		A8CB238E2321495F00148CA2 /* Build configuration list for PBXProject "TimeToWakeUp" */ = {
			isa = XCConfigurationList;
			buildConfigurations = (
				A8CB23A32321496100148CA2 /* Debug */,
				A8CB23A42321496100148CA2 /* Release */,
			);
			defaultConfigurationIsVisible = 0;
			defaultConfigurationName = Release;
		};
		A8CB23A52321496100148CA2 /* Build configuration list for PBXNativeTarget "TimeToWakeUp" */ = {
			isa = XCConfigurationList;
			buildConfigurations = (
				A8CB23A62321496100148CA2 /* Debug */,
				A8CB23A72321496100148CA2 /* Release */,
			);
			defaultConfigurationIsVisible = 0;
			defaultConfigurationName = Release;
		};
		A8CB23B52321525100148CA2 /* Build configuration list for PBXNativeTarget "SleepTimeCalculatorTests" */ = {
			isa = XCConfigurationList;
			buildConfigurations = (
				A8CB23B62321525100148CA2 /* Debug */,
				A8CB23B72321525100148CA2 /* Release */,
			);
			defaultConfigurationIsVisible = 0;
			defaultConfigurationName = Release;
		};
/* End XCConfigurationList section */
	};
	rootObject = A8CB238B2321495F00148CA2 /* Project object */;
}
